
Microsoft Visual Studio Solution File, Format Version 12.00
# Visual Studio Version 16
VisualStudioVersion = 16.0.33130.400
MinimumVisualStudioVersion = 10.0.40219.1
Project("{FAE04EC0-301F-11D3-BF4B-00C04F79EFBC}") = "Capgemni.EMS.PL", "Capgemni.EMS.PL\Capgemni.EMS.PL.csproj", "{30CF0239-FE00-4E23-B251-CCD7F491863A}"
EndProject
Project("{FAE04EC0-301F-11D3-BF4B-00C04F79EFBC}") = "Capgemini.EMS.BussinessLayer", "Capgemini.EMS.BussinessLayer\Capgemini.EMS.BussinessLayer.csproj", "{5C71ABAE-802A-4FD6-8677-5BCB03073EF5}"
EndProject
Project("{FAE04EC0-301F-11D3-BF4B-00C04F79EFBC}") = "Capgemini.EMS.Entities", "Capgemini.EMS.Entities\Capgemini.EMS.Entities.csproj", "{314AA0B6-9249-4BFB-AF7C-CBCC7221FC30}"
EndProject
Project("{FAE04EC0-301F-11D3-BF4B-00C04F79EFBC}") = "Capgemini.EMS.Exceptions", "Capgemini.EMS.Exceptions\Capgemini.EMS.Exceptions.csproj", "{255676C6-835A-4455-88CF-36C28AA9F29B}"
EndProject
Project("{FAE04EC0-301F-11D3-BF4B-00C04F79EFBC}") = "Capgemini.EMS.DataAccessLayer", "Capgemini.EMS.DataAccessLayer\Capgemini.EMS.DataAccessLayer.csproj", "{0439C0B2-3BE1-4418-B038-A1C8F0CEB255}"
EndProject
Global
	GlobalSection(SolutionConfigurationPlatforms) = preSolution
		Debug|Any CPU = Debug|Any CPU
		Release|Any CPU = Release|Any CPU
	EndGlobalSection
	GlobalSection(ProjectConfigurationPlatforms) = postSolution
		{30CF0239-FE00-4E23-B251-CCD7F491863A}.Debug|Any CPU.ActiveCfg = Debug|Any CPU
		{30CF0239-FE00-4E23-B251-CCD7F491863A}.Debug|Any CPU.Build.0 = Debug|Any CPU
		{30CF0239-FE00-4E23-B251-CCD7F491863A}.Release|Any CPU.ActiveCfg = Release|Any CPU
		{30CF0239-FE00-4E23-B251-CCD7F491863A}.Release|Any CPU.Build.0 = Release|Any CPU
		{5C71ABAE-802A-4FD6-8677-5BCB03073EF5}.Debug|Any CPU.ActiveCfg = Debug|Any CPU
		{5C71ABAE-802A-4FD6-8677-5BCB03073EF5}.Debug|Any CPU.Build.0 = Debug|Any CPU
		{5C71ABAE-802A-4FD6-8677-5BCB03073EF5}.Release|Any CPU.ActiveCfg = Release|Any CPU
		{5C71ABAE-802A-4FD6-8677-5BCB03073EF5}.Release|Any CPU.Build.0 = Release|Any CPU
		{314AA0B6-9249-4BFB-AF7C-CBCC7221FC30}.Debug|Any CPU.ActiveCfg = Debug|Any CPU
		{314AA0B6-9249-4BFB-AF7C-CBCC7221FC30}.Debug|Any CPU.Build.0 = Debug|Any CPU
		{314AA0B6-9249-4BFB-AF7C-CBCC7221FC30}.Release|Any CPU.ActiveCfg = Release|Any CPU
		{314AA0B6-9249-4BFB-AF7C-CBCC7221FC30}.Release|Any CPU.Build.0 = Release|Any CPU
		{255676C6-835A-4455-88CF-36C28AA9F29B}.Debug|Any CPU.ActiveCfg = Debug|Any CPU
		{255676C6-835A-4455-88CF-36C28AA9F29B}.Debug|Any CPU.Build.0 = Debug|Any CPU
		{255676C6-835A-4455-88CF-36C28AA9F29B}.Release|Any CPU.ActiveCfg = Release|Any CPU
		{255676C6-835A-4455-88CF-36C28AA9F29B}.Release|Any CPU.Build.0 = Release|Any CPU
		{0439C0B2-3BE1-4418-B038-A1C8F0CEB255}.Debug|Any CPU.ActiveCfg = Debug|Any CPU
		{0439C0B2-3BE1-4418-B038-A1C8F0CEB255}.Debug|Any CPU.Build.0 = Debug|Any CPU
		{0439C0B2-3BE1-4418-B038-A1C8F0CEB255}.Release|Any CPU.ActiveCfg = Release|Any CPU
		{0439C0B2-3BE1-4418-B038-A1C8F0CEB255}.Release|Any CPU.Build.0 = Release|Any CPU
	EndGlobalSection
	GlobalSection(SolutionProperties) = preSolution
		HideSolutionNode = FALSE
	EndGlobalSection
	GlobalSection(ExtensibilityGlobals) = postSolution
		SolutionGuid = {9C8DCA4D-3CFB-4F95-A125-80EB77EAE278}
	EndGlobalSection
EndGlobal
